// !$*UTF8*$!
{
	archiveVersion = 1;
	classes = {
	};
	objectVersion = 46;
	objects = {

/* Begin PBXBuildFile section */
		577C9144169CB4840075E26B /* UIKit.framework in Frameworks */ = {isa = PBXBuildFile; fileRef = 577C9143169CB4840075E26B /* UIKit.framework */; };
		577C9146169CB4840075E26B /* Foundation.framework in Frameworks */ = {isa = PBXBuildFile; fileRef = 577C9145169CB4840075E26B /* Foundation.framework */; };
		577C9148169CB4840075E26B /* CoreGraphics.framework in Frameworks */ = {isa = PBXBuildFile; fileRef = 577C9147169CB4840075E26B /* CoreGraphics.framework */; };
		577C914E169CB4840075E26B /* InfoPlist.strings in Resources */ = {isa = PBXBuildFile; fileRef = 577C914C169CB4840075E26B /* InfoPlist.strings */; };
		577C9150169CB4840075E26B /* main.m in Sources */ = {isa = PBXBuildFile; fileRef = 577C914F169CB4840075E26B /* main.m */; };
		577C9154169CB4840075E26B /* SKAppDelegate.m in Sources */ = {isa = PBXBuildFile; fileRef = 577C9153169CB4840075E26B /* SKAppDelegate.m */; };
		577C9156169CB4850075E26B /* Default.png in Resources */ = {isa = PBXBuildFile; fileRef = 577C9155169CB4850075E26B /* Default.png */; };
		577C9158169CB4850075E26B /* Default@2x.png in Resources */ = {isa = PBXBuildFile; fileRef = 577C9157169CB4850075E26B /* Default@2x.png */; };
		577C915A169CB4850075E26B /* Default-568h@2x.png in Resources */ = {isa = PBXBuildFile; fileRef = 577C9159169CB4850075E26B /* Default-568h@2x.png */; };
		577C915D169CB4850075E26B /* SKFirstViewController.m in Sources */ = {isa = PBXBuildFile; fileRef = 577C915C169CB4850075E26B /* SKFirstViewController.m */; };
		577C915F169CB4850075E26B /* first.png in Resources */ = {isa = PBXBuildFile; fileRef = 577C915E169CB4850075E26B /* first.png */; };
		577C9161169CB4850075E26B /* first@2x.png in Resources */ = {isa = PBXBuildFile; fileRef = 577C9160169CB4850075E26B /* first@2x.png */; };
		577C9164169CB4850075E26B /* SKSecondViewController.m in Sources */ = {isa = PBXBuildFile; fileRef = 577C9163169CB4850075E26B /* SKSecondViewController.m */; };
		577C9166169CB4850075E26B /* second.png in Resources */ = {isa = PBXBuildFile; fileRef = 577C9165169CB4850075E26B /* second.png */; };
		577C9168169CB4850075E26B /* second@2x.png in Resources */ = {isa = PBXBuildFile; fileRef = 577C9167169CB4850075E26B /* second@2x.png */; };
		577C916B169CB4850075E26B /* SKFirstViewController.xib in Resources */ = {isa = PBXBuildFile; fileRef = 577C9169169CB4850075E26B /* SKFirstViewController.xib */; };
		577C916E169CB4850075E26B /* SKSecondViewController.xib in Resources */ = {isa = PBXBuildFile; fileRef = 577C916C169CB4850075E26B /* SKSecondViewController.xib */; };
		577C9175169CBBF50075E26B /* MobileCoreServices.framework in Frameworks */ = {isa = PBXBuildFile; fileRef = 577C9174169CBBF50075E26B /* MobileCoreServices.framework */; };
/* End PBXBuildFile section */

/* Begin PBXFileReference section */
		577C913F169CB4840075E26B /* Ephemr.app */ = {isa = PBXFileReference; explicitFileType = wrapper.application; includeInIndex = 0; path = Ephemr.app; sourceTree = BUILT_PRODUCTS_DIR; };
		577C9143169CB4840075E26B /* UIKit.framework */ = {isa = PBXFileReference; lastKnownFileType = wrapper.framework; name = UIKit.framework; path = System/Library/Frameworks/UIKit.framework; sourceTree = SDKROOT; };
		577C9145169CB4840075E26B /* Foundation.framework */ = {isa = PBXFileReference; lastKnownFileType = wrapper.framework; name = Foundation.framework; path = System/Library/Frameworks/Foundation.framework; sourceTree = SDKROOT; };
		577C9147169CB4840075E26B /* CoreGraphics.framework */ = {isa = PBXFileReference; lastKnownFileType = wrapper.framework; name = CoreGraphics.framework; path = System/Library/Frameworks/CoreGraphics.framework; sourceTree = SDKROOT; };
		577C914B169CB4840075E26B /* Ephemr-Info.plist */ = {isa = PBXFileReference; lastKnownFileType = text.plist.xml; path = "Ephemr-Info.plist"; sourceTree = "<group>"; };
		577C914D169CB4840075E26B /* en */ = {isa = PBXFileReference; lastKnownFileType = text.plist.strings; name = en; path = en.lproj/InfoPlist.strings; sourceTree = "<group>"; };
		577C914F169CB4840075E26B /* main.m */ = {isa = PBXFileReference; lastKnownFileType = sourcecode.c.objc; path = main.m; sourceTree = "<group>"; };
		577C9151169CB4840075E26B /* Ephemr-Prefix.pch */ = {isa = PBXFileReference; lastKnownFileType = sourcecode.c.h; path = "Ephemr-Prefix.pch"; sourceTree = "<group>"; };
		577C9152169CB4840075E26B /* SKAppDelegate.h */ = {isa = PBXFileReference; lastKnownFileType = sourcecode.c.h; path = SKAppDelegate.h; sourceTree = "<group>"; };
		577C9153169CB4840075E26B /* SKAppDelegate.m */ = {isa = PBXFileReference; lastKnownFileType = sourcecode.c.objc; path = SKAppDelegate.m; sourceTree = "<group>"; };
		577C9155169CB4850075E26B /* Default.png */ = {isa = PBXFileReference; lastKnownFileType = image.png; path = Default.png; sourceTree = "<group>"; };
		577C9157169CB4850075E26B /* Default@2x.png */ = {isa = PBXFileReference; lastKnownFileType = image.png; path = "Default@2x.png"; sourceTree = "<group>"; };
		577C9159169CB4850075E26B /* Default-568h@2x.png */ = {isa = PBXFileReference; lastKnownFileType = image.png; path = "Default-568h@2x.png"; sourceTree = "<group>"; };
		577C915B169CB4850075E26B /* SKFirstViewController.h */ = {isa = PBXFileReference; lastKnownFileType = sourcecode.c.h; path = SKFirstViewController.h; sourceTree = "<group>"; };
		577C915C169CB4850075E26B /* SKFirstViewController.m */ = {isa = PBXFileReference; lastKnownFileType = sourcecode.c.objc; path = SKFirstViewController.m; sourceTree = "<group>"; };
		577C915E169CB4850075E26B /* first.png */ = {isa = PBXFileReference; lastKnownFileType = image.png; path = first.png; sourceTree = "<group>"; };
		577C9160169CB4850075E26B /* first@2x.png */ = {isa = PBXFileReference; lastKnownFileType = image.png; path = "first@2x.png"; sourceTree = "<group>"; };
		577C9162169CB4850075E26B /* SKSecondViewController.h */ = {isa = PBXFileReference; lastKnownFileType = sourcecode.c.h; path = SKSecondViewController.h; sourceTree = "<group>"; };
		577C9163169CB4850075E26B /* SKSecondViewController.m */ = {isa = PBXFileReference; lastKnownFileType = sourcecode.c.objc; path = SKSecondViewController.m; sourceTree = "<group>"; };
		577C9165169CB4850075E26B /* second.png */ = {isa = PBXFileReference; lastKnownFileType = image.png; path = second.png; sourceTree = "<group>"; };
		577C9167169CB4850075E26B /* second@2x.png */ = {isa = PBXFileReference; lastKnownFileType = image.png; path = "second@2x.png"; sourceTree = "<group>"; };
		577C916A169CB4850075E26B /* en */ = {isa = PBXFileReference; lastKnownFileType = file.xib; name = en; path = en.lproj/SKFirstViewController.xib; sourceTree = "<group>"; };
		577C916D169CB4850075E26B /* en */ = {isa = PBXFileReference; lastKnownFileType = file.xib; name = en; path = en.lproj/SKSecondViewController.xib; sourceTree = "<group>"; };
		577C9174169CBBF50075E26B /* MobileCoreServices.framework */ = {isa = PBXFileReference; lastKnownFileType = wrapper.framework; name = MobileCoreServices.framework; path = System/Library/Frameworks/MobileCoreServices.framework; sourceTree = SDKROOT; };
/* End PBXFileReference section */

/* Begin PBXFrameworksBuildPhase section */
		577C913C169CB4840075E26B /* Frameworks */ = {
			isa = PBXFrameworksBuildPhase;
			buildActionMask = 2147483647;
			files = (
				577C9175169CBBF50075E26B /* MobileCoreServices.framework in Frameworks */,
				577C9144169CB4840075E26B /* UIKit.framework in Frameworks */,
				577C9146169CB4840075E26B /* Foundation.framework in Frameworks */,
				577C9148169CB4840075E26B /* CoreGraphics.framework in Frameworks */,
			);
			runOnlyForDeploymentPostprocessing = 0;
		};
/* End PBXFrameworksBuildPhase section */

/* Begin PBXGroup section */
		577C9134169CB4840075E26B = {
			isa = PBXGroup;
			children = (
				577C9174169CBBF50075E26B /* MobileCoreServices.framework */,
				577C9149169CB4840075E26B /* Ephemr */,
				577C9142169CB4840075E26B /* Frameworks */,
				577C9140169CB4840075E26B /* Products */,
			);
			sourceTree = "<group>";
		};
		577C9140169CB4840075E26B /* Products */ = {
			isa = PBXGroup;
			children = (
				577C913F169CB4840075E26B /* Ephemr.app */,
			);
			name = Products;
			sourceTree = "<group>";
		};
		577C9142169CB4840075E26B /* Frameworks */ = {
			isa = PBXGroup;
			children = (
				577C9143169CB4840075E26B /* UIKit.framework */,
				577C9145169CB4840075E26B /* Foundation.framework */,
				577C9147169CB4840075E26B /* CoreGraphics.framework */,
			);
			name = Frameworks;
			sourceTree = "<group>";
		};
		577C9149169CB4840075E26B /* Ephemr */ = {
			isa = PBXGroup;
			children = (
				577C9152169CB4840075E26B /* SKAppDelegate.h */,
				577C9153169CB4840075E26B /* SKAppDelegate.m */,
				577C915B169CB4850075E26B /* SKFirstViewController.h */,
				577C915C169CB4850075E26B /* SKFirstViewController.m */,
				577C915E169CB4850075E26B /* first.png */,
				577C9160169CB4850075E26B /* first@2x.png */,
				577C9162169CB4850075E26B /* SKSecondViewController.h */,
				577C9163169CB4850075E26B /* SKSecondViewController.m */,
				577C9165169CB4850075E26B /* second.png */,
				577C9167169CB4850075E26B /* second@2x.png */,
				577C9169169CB4850075E26B /* SKFirstViewController.xib */,
				577C916C169CB4850075E26B /* SKSecondViewController.xib */,
				577C914A169CB4840075E26B /* Supporting Files */,
			);
			path = Ephemr;
			sourceTree = "<group>";
		};
		577C914A169CB4840075E26B /* Supporting Files */ = {
			isa = PBXGroup;
			children = (
				577C914B169CB4840075E26B /* Ephemr-Info.plist */,
				577C914C169CB4840075E26B /* InfoPlist.strings */,
				577C914F169CB4840075E26B /* main.m */,
				577C9151169CB4840075E26B /* Ephemr-Prefix.pch */,
				577C9155169CB4850075E26B /* Default.png */,
				577C9157169CB4850075E26B /* Default@2x.png */,
				577C9159169CB4850075E26B /* Default-568h@2x.png */,
			);
			name = "Supporting Files";
			sourceTree = "<group>";
		};
/* End PBXGroup section */

/* Begin PBXNativeTarget section */
		577C913E169CB4840075E26B /* Ephemr */ = {
			isa = PBXNativeTarget;
			buildConfigurationList = 577C9171169CB4850075E26B /* Build configuration list for PBXNativeTarget "Ephemr" */;
			buildPhases = (
				577C913B169CB4840075E26B /* Sources */,
				577C913C169CB4840075E26B /* Frameworks */,
				577C913D169CB4840075E26B /* Resources */,
			);
			buildRules = (
			);
			dependencies = (
			);
			name = Ephemr;
			productName = Ephemr;
			productReference = 577C913F169CB4840075E26B /* Ephemr.app */;
			productType = "com.apple.product-type.application";
		};
/* End PBXNativeTarget section */

/* Begin PBXProject section */
		577C9136169CB4840075E26B /* Project object */ = {
			isa = PBXProject;
			attributes = {
				CLASSPREFIX = SK;
				LastUpgradeCheck = 0450;
				ORGANIZATIONNAME = SekaiNo;
			};
			buildConfigurationList = 577C9139169CB4840075E26B /* Build configuration list for PBXProject "Ephemr" */;
			compatibilityVersion = "Xcode 3.2";
			developmentRegion = English;
			hasScannedForEncodings = 0;
			knownRegions = (
				en,
			);
			mainGroup = 577C9134169CB4840075E26B;
			productRefGroup = 577C9140169CB4840075E26B /* Products */;
			projectDirPath = "";
			projectRoot = "";
			targets = (
				577C913E169CB4840075E26B /* Ephemr */,
			);
		};
/* End PBXProject section */

/* Begin PBXResourcesBuildPhase section */
		577C913D169CB4840075E26B /* Resources */ = {
			isa = PBXResourcesBuildPhase;
			buildActionMask = 2147483647;
			files = (
				577C914E169CB4840075E26B /* InfoPlist.strings in Resources */,
				577C9156169CB4850075E26B /* Default.png in Resources */,
				577C9158169CB4850075E26B /* Default@2x.png in Resources */,
				577C915A169CB4850075E26B /* Default-568h@2x.png in Resources */,
				577C915F169CB4850075E26B /* first.png in Resources */,
				577C9161169CB4850075E26B /* first@2x.png in Resources */,
				577C9166169CB4850075E26B /* second.png in Resources */,
				577C9168169CB4850075E26B /* second@2x.png in Resources */,
				577C916B169CB4850075E26B /* SKFirstViewController.xib in Resources */,
				577C916E169CB4850075E26B /* SKSecondViewController.xib in Resources */,
			);
			runOnlyForDeploymentPostprocessing = 0;
		};
/* End PBXResourcesBuildPhase section */

/* Begin PBXSourcesBuildPhase section */
		577C913B169CB4840075E26B /* Sources */ = {
			isa = PBXSourcesBuildPhase;
			buildActionMask = 2147483647;
			files = (
				577C9150169CB4840075E26B /* main.m in Sources */,
				577C9154169CB4840075E26B /* SKAppDelegate.m in Sources */,
				577C915D169CB4850075E26B /* SKFirstViewController.m in Sources */,
				577C9164169CB4850075E26B /* SKSecondViewController.m in Sources */,
			);
			runOnlyForDeploymentPostprocessing = 0;
		};
/* End PBXSourcesBuildPhase section */

/* Begin PBXVariantGroup section */
		577C914C169CB4840075E26B /* InfoPlist.strings */ = {
			isa = PBXVariantGroup;
			children = (
				577C914D169CB4840075E26B /* en */,
			);
			name = InfoPlist.strings;
			sourceTree = "<group>";
		};
		577C9169169CB4850075E26B /* SKFirstViewController.xib */ = {
			isa = PBXVariantGroup;
			children = (
				577C916A169CB4850075E26B /* en */,
			);
			name = SKFirstViewController.xib;
			sourceTree = "<group>";
		};
		577C916C169CB4850075E26B /* SKSecondViewController.xib */ = {
			isa = PBXVariantGroup;
			children = (
				577C916D169CB4850075E26B /* en */,
			);
			name = SKSecondViewController.xib;
			sourceTree = "<group>";
		};
/* End PBXVariantGroup section */

/* Begin XCBuildConfiguration section */
		577C916F169CB4850075E26B /* Debug */ = {
			isa = XCBuildConfiguration;
			buildSettings = {
				ALWAYS_SEARCH_USER_PATHS = NO;
				CLANG_CXX_LANGUAGE_STANDARD = "gnu++0x";
				CLANG_CXX_LIBRARY = "libc++";
				CLANG_ENABLE_OBJC_ARC = YES;
				CLANG_WARN_EMPTY_BODY = YES;
				CLANG_WARN__DUPLICATE_METHOD_MATCH = YES;
				"CODE_SIGN_IDENTITY[sdk=iphoneos*]" = "iPhone Developer";
				COPY_PHASE_STRIP = NO;
				GCC_C_LANGUAGE_STANDARD = gnu99;
				GCC_DYNAMIC_NO_PIC = NO;
				GCC_OPTIMIZATION_LEVEL = 0;
				GCC_PREPROCESSOR_DEFINITIONS = (
					"DEBUG=1",
					"$(inherited)",
				);
				GCC_SYMBOLS_PRIVATE_EXTERN = NO;
				GCC_WARN_ABOUT_RETURN_TYPE = YES;
				GCC_WARN_UNINITIALIZED_AUTOS = YES;
				GCC_WARN_UNUSED_VARIABLE = YES;
				IPHONEOS_DEPLOYMENT_TARGET = 6.0;
				ONLY_ACTIVE_ARCH = YES;
				SDKROOT = iphoneos;
			};
			name = Debug;
		};
		577C9170169CB4850075E26B /* Release */ = {
			isa = XCBuildConfiguration;
			buildSettings = {
				ALWAYS_SEARCH_USER_PATHS = NO;
				CLANG_CXX_LANGUAGE_STANDARD = "gnu++0x";
				CLANG_CXX_LIBRARY = "libc++";
				CLANG_ENABLE_OBJC_ARC = YES;
				CLANG_WARN_EMPTY_BODY = YES;
				CLANG_WARN__DUPLICATE_METHOD_MATCH = YES;
				"CODE_SIGN_IDENTITY[sdk=iphoneos*]" = "iPhone Developer";
				COPY_PHASE_STRIP = YES;
				GCC_C_LANGUAGE_STANDARD = gnu99;
				GCC_WARN_ABOUT_RETURN_TYPE = YES;
				GCC_WARN_UNINITIALIZED_AUTOS = YES;
				GCC_WARN_UNUSED_VARIABLE = YES;
				IPHONEOS_DEPLOYMENT_TARGET = 6.0;
				OTHER_CFLAGS = "-DNS_BLOCK_ASSERTIONS=1";
				SDKROOT = iphoneos;
				VALIDATE_PRODUCT = YES;
			};
			name = Release;
		};
		577C9172169CB4850075E26B /* Debug */ = {
			isa = XCBuildConfiguration;
			buildSettings = {
				GCC_PRECOMPILE_PREFIX_HEADER = YES;
				GCC_PREFIX_HEADER = "Ephemr/Ephemr-Prefix.pch";
				INFOPLIST_FILE = "Ephemr/Ephemr-Info.plist";
				PRODUCT_NAME = "$(TARGET_NAME)";
				WRAPPER_EXTENSION = app;
			};
			name = Debug;
		};
		577C9173169CB4850075E26B /* Release */ = {
			isa = XCBuildConfiguration;
			buildSettings = {
				GCC_PRECOMPILE_PREFIX_HEADER = YES;
				GCC_PREFIX_HEADER = "Ephemr/Ephemr-Prefix.pch";
				INFOPLIST_FILE = "Ephemr/Ephemr-Info.plist";
				PRODUCT_NAME = "$(TARGET_NAME)";
				WRAPPER_EXTENSION = app;
			};
			name = Release;
		};
/* End XCBuildConfiguration section */

/* Begin XCConfigurationList section */
		577C9139169CB4840075E26B /* Build configuration list for PBXProject "Ephemr" */ = {
			isa = XCConfigurationList;
			buildConfigurations = (
				577C916F169CB4850075E26B /* Debug */,
				577C9170169CB4850075E26B /* Release */,
			);
			defaultConfigurationIsVisible = 0;
			defaultConfigurationName = Release;
		};
		577C9171169CB4850075E26B /* Build configuration list for PBXNativeTarget "Ephemr" */ = {
			isa = XCConfigurationList;
			buildConfigurations = (
				577C9172169CB4850075E26B /* Debug */,
				577C9173169CB4850075E26B /* Release */,
			);
			defaultConfigurationIsVisible = 0;
		};
/* End XCConfigurationList section */
	};
	rootObject = 577C9136169CB4840075E26B /* Project object */;
}
